{
  "name": "articles",
  "version": "1.0.0",
  "lockfileVersion": 1,
  "requires": true,
  "dependencies": {
    "uuid": {
      "version": "8.0.0",
      "resolved": "http://artifactory.twinformatics.at:80/api/npm/npm/uuid/-/uuid-8.0.0.tgz",
      "integrity": "sha1-vGzPkbX/CsB7vNvxx8ThUNtNu2w="
    },
    "uuidv4": {
      "version": "6.0.8",
      "resolved": "http://artifactory.twinformatics.at:80/api/npm/npm/uuidv4/-/uuidv4-6.0.8.tgz",
      "integrity": "sha1-Tg5pir3WLV1DdDg3GC3ELeGn+bs=",
      "requires": {
        "uuid": "8.0.0"
      }
    }
  }
}
